lockfileVersion: '9.0'

settings:
  autoInstallPeers: true
  excludeLinksFromLockfile: false

importers:

  .:
    dependencies:
      '@dcloudio/uni-ui':
        specifier: ^1.5.7
        version: 1.5.7

packages:

  '@dcloudio/uni-ui@1.5.7':
    resolution: {integrity: sha512-DugxSIrQrze1FLdUOj9a+JEQ0bHGjnJTcGUK1mN/MivKg7nuKJBRWk5Ipa9sUdoBznX6ndz5h2e7Uao6x1CdCw==}

snapshots:

  '@dcloudio/uni-ui@1.5.7': {}
